// !$*UTF8*$!
{
	archiveVersion = 1;
	classes = {
	};
	objectVersion = 55;
	objects = {

/* Begin PBXBuildFile section */
		7C398210281843EC00A8237B /* TGirlApp.swift in Sources */ = {isa = PBXBuildFile; fileRef = 7C39820F281843EC00A8237B /* TGirlApp.swift */; };
		7CF43A302818421600258C9B /* Assets.xcassets in Resources */ = {isa = PBXBuildFile; fileRef = 7CF43A2F2818421600258C9B /* Assets.xcassets */; };
		7CF43A332818421600258C9B /* Preview Assets.xcassets in Resources */ = {isa = PBXBuildFile; fileRef = 7CF43A322818421600258C9B /* Preview Assets.xcassets */; };
		7CF43A3A2818424900258C9B /* Launch Screen.storyboard in Resources */ = {isa = PBXBuildFile; fileRef = 7CF43A392818424900258C9B /* Launch Screen.storyboard */; };
		7CF43A3C2818424E00258C9B /* modifiers.swift in Sources */ = {isa = PBXBuildFile; fileRef = 7CF43A3B2818424E00258C9B /* modifiers.swift */; };
		7CF43A442818426A00258C9B /* AddItem.swift in Sources */ = {isa = PBXBuildFile; fileRef = 7CF43A402818426900258C9B /* AddItem.swift */; };
		7CF43A452818426A00258C9B /* ListRowView.swift in Sources */ = {isa = PBXBuildFile; fileRef = 7CF43A412818426900258C9B /* ListRowView.swift */; };
		7CF43A462818426A00258C9B /* ToDoList.swift in Sources */ = {isa = PBXBuildFile; fileRef = 7CF43A422818426900258C9B /* ToDoList.swift */; };
		7CF43A472818426A00258C9B /* InfoList.swift in Sources */ = {isa = PBXBuildFile; fileRef = 7CF43A432818426900258C9B /* InfoList.swift */; };
		7CF43A4A2818426E00258C9B /* ListViewModel.swift in Sources */ = {isa = PBXBuildFile; fileRef = 7CF43A492818426E00258C9B /* ListViewModel.swift */; };
		7CF43A4D2818427300258C9B /* ItemModels.swift in Sources */ = {isa = PBXBuildFile; fileRef = 7CF43A4C2818427200258C9B /* ItemModels.swift */; };
/* End PBXBuildFile section */

/* Begin PBXFileReference section */
		7C39820F281843EC00A8237B /* TGirlApp.swift */ = {isa = PBXFileReference; fileEncoding = 4; lastKnownFileType = sourcecode.swift; path = TGirlApp.swift; sourceTree = "<group>"; };
		7CF43A282818421200258C9B /* TGirl.app */ = {isa = PBXFileReference; explicitFileType = wrapper.application; includeInIndex = 0; path = TGirl.app; sourceTree = BUILT_PRODUCTS_DIR; };
		7CF43A2F2818421600258C9B /* Assets.xcassets */ = {isa = PBXFileReference; lastKnownFileType = folder.assetcatalog; path = Assets.xcassets; sourceTree = "<group>"; };
		7CF43A322818421600258C9B /* Preview Assets.xcassets */ = {isa = PBXFileReference; lastKnownFileType = folder.assetcatalog; path = "Preview Assets.xcassets"; sourceTree = "<group>"; };
		7CF43A392818424900258C9B /* Launch Screen.storyboard */ = {isa = PBXFileReference; fileEncoding = 4; lastKnownFileType = file.storyboard; path = "Launch Screen.storyboard"; sourceTree = "<group>"; };
		7CF43A3B2818424E00258C9B /* modifiers.swift */ = {isa = PBXFileReference; fileEncoding = 4; lastKnownFileType = sourcecode.swift; path = modifiers.swift; sourceTree = "<group>"; };
		7CF43A402818426900258C9B /* AddItem.swift */ = {isa = PBXFileReference; fileEncoding = 4; lastKnownFileType = sourcecode.swift; path = AddItem.swift; sourceTree = "<group>"; };
		7CF43A412818426900258C9B /* ListRowView.swift */ = {isa = PBXFileReference; fileEncoding = 4; lastKnownFileType = sourcecode.swift; path = ListRowView.swift; sourceTree = "<group>"; };
		7CF43A422818426900258C9B /* ToDoList.swift */ = {isa = PBXFileReference; fileEncoding = 4; lastKnownFileType = sourcecode.swift; path = ToDoList.swift; sourceTree = "<group>"; };
		7CF43A432818426900258C9B /* InfoList.swift */ = {isa = PBXFileReference; fileEncoding = 4; lastKnownFileType = sourcecode.swift; path = InfoList.swift; sourceTree = "<group>"; };
		7CF43A492818426E00258C9B /* ListViewModel.swift */ = {isa = PBXFileReference; fileEncoding = 4; lastKnownFileType = sourcecode.swift; path = ListViewModel.swift; sourceTree = "<group>"; };
		7CF43A4C2818427200258C9B /* ItemModels.swift */ = {isa = PBXFileReference; fileEncoding = 4; lastKnownFileType = sourcecode.swift; path = ItemModels.swift; sourceTree = "<group>"; };
/* End PBXFileReference section */

/* Begin PBXFrameworksBuildPhase section */
		7CF43A252818421200258C9B /* Frameworks */ = {
			isa = PBXFrameworksBuildPhase;
			buildActionMask = 2147483647;
			files = (
			);
			runOnlyForDeploymentPostprocessing = 0;
		};
/* End PBXFrameworksBuildPhase section */

/* Begin PBXGroup section */
		7CF43A1F2818421200258C9B = {
			isa = PBXGroup;
			children = (
				7CF43A2A2818421200258C9B /* TGirl */,
				7CF43A292818421200258C9B /* Products */,
			);
			sourceTree = "<group>";
		};
		7CF43A292818421200258C9B /* Products */ = {
			isa = PBXGroup;
			children = (
				7CF43A282818421200258C9B /* TGirl.app */,
			);
			name = Products;
			sourceTree = "<group>";
		};
		7CF43A2A2818421200258C9B /* TGirl */ = {
			isa = PBXGroup;
			children = (
				7C39820F281843EC00A8237B /* TGirlApp.swift */,
				7CF43A3B2818424E00258C9B /* modifiers.swift */,
				7CF43A4B2818427200258C9B /* Models */,
				7CF43A482818426E00258C9B /* ViewModels */,
				7CF43A3F2818426900258C9B /* ToDoListView */,
				7CF43A2F2818421600258C9B /* Assets.xcassets */,
				7CF43A392818424900258C9B /* Launch Screen.storyboard */,
				7CF43A312818421600258C9B /* Preview Content */,
			);
			path = TGirl;
			sourceTree = "<group>";
		};
		7CF43A312818421600258C9B /* Preview Content */ = {
			isa = PBXGroup;
			children = (
				7CF43A322818421600258C9B /* Preview Assets.xcassets */,
			);
			path = "Preview Content";
			sourceTree = "<group>";
		};
		7CF43A3F2818426900258C9B /* ToDoListView */ = {
			isa = PBXGroup;
			children = (
				7CF43A402818426900258C9B /* AddItem.swift */,
				7CF43A412818426900258C9B /* ListRowView.swift */,
				7CF43A422818426900258C9B /* ToDoList.swift */,
				7CF43A432818426900258C9B /* InfoList.swift */,
			);
			path = ToDoListView;
			sourceTree = "<group>";
		};
		7CF43A482818426E00258C9B /* ViewModels */ = {
			isa = PBXGroup;
			children = (
				7CF43A492818426E00258C9B /* ListViewModel.swift */,
			);
			path = ViewModels;
			sourceTree = "<group>";
		};
		7CF43A4B2818427200258C9B /* Models */ = {
			isa = PBXGroup;
			children = (
				7CF43A4C2818427200258C9B /* ItemModels.swift */,
			);
			path = Models;
			sourceTree = "<group>";
		};
/* End PBXGroup section */

/* Begin PBXNativeTarget section */
		7CF43A272818421200258C9B /* TGirl */ = {
			isa = PBXNativeTarget;
			buildConfigurationList = 7CF43A362818421600258C9B /* Build configuration list for PBXNativeTarget "TGirl" */;
			buildPhases = (
				7CF43A242818421200258C9B /* Sources */,
				7CF43A252818421200258C9B /* Frameworks */,
				7CF43A262818421200258C9B /* Resources */,
			);
			buildRules = (
			);
			dependencies = (
			);
			name = TGirl;
			productName = TGirl;
			productReference = 7CF43A282818421200258C9B /* TGirl.app */;
			productType = "com.apple.product-type.application";
		};
/* End PBXNativeTarget section */

/* Begin PBXProject section */
		7CF43A202818421200258C9B /* Project object */ = {
			isa = PBXProject;
			attributes = {
				BuildIndependentTargetsInParallel = 1;
				LastSwiftUpdateCheck = 1330;
				LastUpgradeCheck = 1330;
				TargetAttributes = {
					7CF43A272818421200258C9B = {
						CreatedOnToolsVersion = 13.3;
					};
				};
			};
			buildConfigurationList = 7CF43A232818421200258C9B /* Build configuration list for PBXProject "TGirl" */;
			compatibilityVersion = "Xcode 13.0";
			developmentRegion = en;
			hasScannedForEncodings = 0;
			knownRegions = (
				en,
				Base,
			);
			mainGroup = 7CF43A1F2818421200258C9B;
			productRefGroup = 7CF43A292818421200258C9B /* Products */;
			projectDirPath = "";
			projectRoot = "";
			targets = (
				7CF43A272818421200258C9B /* TGirl */,
			);
		};
/* End PBXProject section */

/* Begin PBXResourcesBuildPhase section */
		7CF43A262818421200258C9B /* Resources */ = {
			isa = PBXResourcesBuildPhase;
			buildActionMask = 2147483647;
			files = (
				7CF43A3A2818424900258C9B /* Launch Screen.storyboard in Resources */,
				7CF43A332818421600258C9B /* Preview Assets.xcassets in Resources */,
				7CF43A302818421600258C9B /* Assets.xcassets in Resources */,
			);
			runOnlyForDeploymentPostprocessing = 0;
		};
/* End PBXResourcesBuildPhase section */

/* Begin PBXSourcesBuildPhase section */
		7CF43A242818421200258C9B /* Sources */ = {
			isa = PBXSourcesBuildPhase;
			buildActionMask = 2147483647;
			files = (
				7CF43A4D2818427300258C9B /* ItemModels.swift in Sources */,
				7CF43A472818426A00258C9B /* InfoList.swift in Sources */,
				7CF43A462818426A00258C9B /* ToDoList.swift in Sources */,
				7CF43A4A2818426E00258C9B /* ListViewModel.swift in Sources */,
				7CF43A3C2818424E00258C9B /* modifiers.swift in Sources */,
				7C398210281843EC00A8237B /* TGirlApp.swift in Sources */,
				7CF43A442818426A00258C9B /* AddItem.swift in Sources */,
				7CF43A452818426A00258C9B /* ListRowView.swift in Sources */,
			);
			runOnlyForDeploymentPostprocessing = 0;
		};
/* End PBXSourcesBuildPhase section */

/* Begin XCBuildConfiguration section */
		7CF43A342818421600258C9B /* Debug */ = {
			isa = XCBuildConfiguration;
			buildSettings = {
				ALWAYS_SEARCH_USER_PATHS = NO;
				CLANG_ANALYZER_NONNULL = YES;
				CLANG_ANALYZER_NUMBER_OBJECT_CONVERSION = YES_AGGRESSIVE;
				CLANG_CXX_LANGUAGE_STANDARD = "gnu++17";
				CLANG_ENABLE_MODULES = YES;
				CLANG_ENABLE_OBJC_ARC = YES;
				CLANG_ENABLE_OBJC_WEAK = YES;
				CLANG_WARN_BLOCK_CAPTURE_AUTORELEASING = YES;
				CLANG_WARN_BOOL_CONVERSION = YES;
				CLANG_WARN_COMMA = YES;
				CLANG_WARN_CONSTANT_CONVERSION = YES;
				CLANG_WARN_DEPRECATED_OBJC_IMPLEMENTATIONS = YES;
				CLANG_WARN_DIRECT_OBJC_ISA_USAGE = YES_ERROR;
				CLANG_WARN_DOCUMENTATION_COMMENTS = YES;
				CLANG_WARN_EMPTY_BODY = YES;
				CLANG_WARN_ENUM_CONVERSION = YES;
				CLANG_WARN_INFINITE_RECURSION = YES;
				CLANG_WARN_INT_CONVERSION = YES;
				CLANG_WARN_NON_LITERAL_NULL_CONVERSION = YES;
				CLANG_WARN_OBJC_IMPLICIT_RETAIN_SELF = YES;
				CLANG_WARN_OBJC_LITERAL_CONVERSION = YES;
				CLANG_WARN_OBJC_ROOT_CLASS = YES_ERROR;
				CLANG_WARN_QUOTED_INCLUDE_IN_FRAMEWORK_HEADER = YES;
				CLANG_WARN_RANGE_LOOP_ANALYSIS = YES;
				CLANG_WARN_STRICT_PROTOTYPES = YES;
				CLANG_WARN_SUSPICIOUS_MOVE = YES;
				CLANG_WARN_UNGUARDED_AVAILABILITY = YES_AGGRESSIVE;
				CLANG_WARN_UNREACHABLE_CODE = YES;
				CLANG_WARN__DUPLICATE_METHOD_MATCH = YES;
				COPY_PHASE_STRIP = NO;
				DEBUG_INFORMATION_FORMAT = dwarf;
				ENABLE_STRICT_OBJC_MSGSEND = YES;
				ENABLE_TESTABILITY = YES;
				GCC_C_LANGUAGE_STANDARD = gnu11;
				GCC_DYNAMIC_NO_PIC = NO;
				GCC_NO_COMMON_BLOCKS = YES;
				GCC_OPTIMIZATION_LEVEL = 0;
				GCC_PREPROCESSOR_DEFINITIONS = (
					"DEBUG=1",
					"$(inherited)",
				);
				GCC_WARN_64_TO_32_BIT_CONVERSION = YES;
				GCC_WARN_ABOUT_RETURN_TYPE = YES_ERROR;
				GCC_WARN_UNDECLARED_SELECTOR = YES;
				GCC_WARN_UNINITIALIZED_AUTOS = YES_AGGRESSIVE;
				GCC_WARN_UNUSED_FUNCTION = YES;
				GCC_WARN_UNUSED_VARIABLE = YES;
				IPHONEOS_DEPLOYMENT_TARGET = 15.4;
				MTL_ENABLE_DEBUG_INFO = INCLUDE_SOURCE;
				MTL_FAST_MATH = YES;
				ONLY_ACTIVE_ARCH = YES;
				SDKROOT = iphoneos;
				SWIFT_ACTIVE_COMPILATION_CONDITIONS = DEBUG;
				SWIFT_OPTIMIZATION_LEVEL = "-Onone";
			};
			name = Debug;
		};
		7CF43A352818421600258C9B /* Release */ = {
			isa = XCBuildConfiguration;
			buildSettings = {
				ALWAYS_SEARCH_USER_PATHS = NO;
				CLANG_ANALYZER_NONNULL = YES;
				CLANG_ANALYZER_NUMBER_OBJECT_CONVERSION = YES_AGGRESSIVE;
				CLANG_CXX_LANGUAGE_STANDARD = "gnu++17";
				CLANG_ENABLE_MODULES = YES;
				CLANG_ENABLE_OBJC_ARC = YES;
				CLANG_ENABLE_OBJC_WEAK = YES;
				CLANG_WARN_BLOCK_CAPTURE_AUTORELEASING = YES;
				CLANG_WARN_BOOL_CONVERSION = YES;
				CLANG_WARN_COMMA = YES;
				CLANG_WARN_CONSTANT_CONVERSION = YES;
				CLANG_WARN_DEPRECATED_OBJC_IMPLEMENTATIONS = YES;
				CLANG_WARN_DIRECT_OBJC_ISA_USAGE = YES_ERROR;
				CLANG_WARN_DOCUMENTATION_COMMENTS = YES;
				CLANG_WARN_EMPTY_BODY = YES;
				CLANG_WARN_ENUM_CONVERSION = YES;
				CLANG_WARN_INFINITE_RECURSION = YES;
				CLANG_WARN_INT_CONVERSION = YES;
				CLANG_WARN_NON_LITERAL_NULL_CONVERSION = YES;
				CLANG_WARN_OBJC_IMPLICIT_RETAIN_SELF = YES;
				CLANG_WARN_OBJC_LITERAL_CONVERSION = YES;
				CLANG_WARN_OBJC_ROOT_CLASS = YES_ERROR;
				CLANG_WARN_QUOTED_INCLUDE_IN_FRAMEWORK_HEADER = YES;
				CLANG_WARN_RANGE_LOOP_ANALYSIS = YES;
				CLANG_WARN_STRICT_PROTOTYPES = YES;
				CLANG_WARN_SUSPICIOUS_MOVE = YES;
				CLANG_WARN_UNGUARDED_AVAILABILITY = YES_AGGRESSIVE;
				CLANG_WARN_UNREACHABLE_CODE = YES;
				CLANG_WARN__DUPLICATE_METHOD_MATCH = YES;
				COPY_PHASE_STRIP = NO;
				DEBUG_INFORMATION_FORMAT = "dwarf-with-dsym";
				ENABLE_NS_ASSERTIONS = NO;
				ENABLE_STRICT_OBJC_MSGSEND = YES;
				GCC_C_LANGUAGE_STANDARD = gnu11;
				GCC_NO_COMMON_BLOCKS = YES;
				GCC_WARN_64_TO_32_BIT_CONVERSION = YES;
				GCC_WARN_ABOUT_RETURN_TYPE = YES_ERROR;
				GCC_WARN_UNDECLARED_SELECTOR = YES;
				GCC_WARN_UNINITIALIZED_AUTOS = YES_AGGRESSIVE;
				GCC_WARN_UNUSED_FUNCTION = YES;
				GCC_WARN_UNUSED_VARIABLE = YES;
				IPHONEOS_DEPLOYMENT_TARGET = 15.4;
				MTL_ENABLE_DEBUG_INFO = NO;
				MTL_FAST_MATH = YES;
				SDKROOT = iphoneos;
				SWIFT_COMPILATION_MODE = wholemodule;
				SWIFT_OPTIMIZATION_LEVEL = "-O";
				VALIDATE_PRODUCT = YES;
			};
			name = Release;
		};
		7CF43A372818421600258C9B /* Debug */ = {
			isa = XCBuildConfiguration;
			buildSettings = {
				ASSETCATALOG_COMPILER_APPICON_NAME = AppIcon;
				ASSETCATALOG_COMPILER_GLOBAL_ACCENT_COLOR_NAME = AccentColor;
				CODE_SIGN_STYLE = Automatic;
				CURRENT_PROJECT_VERSION = 1;
				DEVELOPMENT_ASSET_PATHS = "\"TGirl/Preview Content\"";
				DEVELOPMENT_TEAM = 8T4FM95P3Q;
				ENABLE_PREVIEWS = YES;
				GENERATE_INFOPLIST_FILE = YES;
				INFOPLIST_KEY_UIApplicationSceneManifest_Generation = YES;
				INFOPLIST_KEY_UIApplicationSupportsIndirectInputEvents = YES;
				INFOPLIST_KEY_UILaunchScreen_Generation = YES;
				INFOPLIST_KEY_UILaunchStoryboardName = "Launch Screen";
				INFOPLIST_KEY_UISupportedInterfaceOrientations_iPad = "UIInterfaceOrientationPortrait UIInterfaceOrientationPortraitUpsideDown UIInterfaceOrientationLandscapeLeft UIInterfaceOrientationLandscapeRight";
				INFOPLIST_KEY_UISupportedInterfaceOrientations_iPhone = "UIInterfaceOrientationPortrait UIInterfaceOrientationLandscapeLeft UIInterfaceOrientationLandscapeRight";
				LD_RUNPATH_SEARCH_PATHS = (
					"$(inherited)",
					"@executable_path/Frameworks",
				);
				MARKETING_VERSION = 1.0;
				PRODUCT_BUNDLE_IDENTIFIER = ash.TGirl;
				PRODUCT_NAME = "$(TARGET_NAME)";
				SWIFT_EMIT_LOC_STRINGS = YES;
				SWIFT_VERSION = 5.0;
				TARGETED_DEVICE_FAMILY = "1,2";
			};
			name = Debug;
		};
		7CF43A382818421600258C9B /* Release */ = {
			isa = XCBuildConfiguration;
			buildSettings = {
				ASSETCATALOG_COMPILER_APPICON_NAME = AppIcon;
				ASSETCATALOG_COMPILER_GLOBAL_ACCENT_COLOR_NAME = AccentColor;
				CODE_SIGN_STYLE = Automatic;
				CURRENT_PROJECT_VERSION = 1;
				DEVELOPMENT_ASSET_PATHS = "\"TGirl/Preview Content\"";
				DEVELOPMENT_TEAM = 8T4FM95P3Q;
				ENABLE_PREVIEWS = YES;
				GENERATE_INFOPLIST_FILE = YES;
				INFOPLIST_KEY_UIApplicationSceneManifest_Generation = YES;
				INFOPLIST_KEY_UIApplicationSupportsIndirectInputEvents = YES;
				INFOPLIST_KEY_UILaunchScreen_Generation = YES;
				INFOPLIST_KEY_UILaunchStoryboardName = "Launch Screen";
				INFOPLIST_KEY_UISupportedInterfaceOrientations_iPad = "UIInterfaceOrientationPortrait UIInterfaceOrientationPortraitUpsideDown UIInterfaceOrientationLandscapeLeft UIInterfaceOrientationLandscapeRight";
				INFOPLIST_KEY_UISupportedInterfaceOrientations_iPhone = "UIInterfaceOrientationPortrait UIInterfaceOrientationLandscapeLeft UIInterfaceOrientationLandscapeRight";
				LD_RUNPATH_SEARCH_PATHS = (
					"$(inherited)",
					"@executable_path/Frameworks",
				);
				MARKETING_VERSION = 1.0;
				PRODUCT_BUNDLE_IDENTIFIER = ash.TGirl;
				PRODUCT_NAME = "$(TARGET_NAME)";
				SWIFT_EMIT_LOC_STRINGS = YES;
				SWIFT_VERSION = 5.0;
				TARGETED_DEVICE_FAMILY = "1,2";
			};
			name = Release;
		};
/* End XCBuildConfiguration section */

/* Begin XCConfigurationList section */
		7CF43A232818421200258C9B /* Build configuration list for PBXProject "TGirl" */ = {
			isa = XCConfigurationList;
			buildConfigurations = (
				7CF43A342818421600258C9B /* Debug */,
				7CF43A352818421600258C9B /* Release */,
			);
			defaultConfigurationIsVisible = 0;
			defaultConfigurationName = Release;
		};
		7CF43A362818421600258C9B /* Build configuration list for PBXNativeTarget "TGirl" */ = {
			isa = XCConfigurationList;
			buildConfigurations = (
				7CF43A372818421600258C9B /* Debug */,
				7CF43A382818421600258C9B /* Release */,
			);
			defaultConfigurationIsVisible = 0;
			defaultConfigurationName = Release;
		};
/* End XCConfigurationList section */
	};
	rootObject = 7CF43A202818421200258C9B /* Project object */;
}
